// !$*UTF8*$!
{
	archiveVersion = 1;
	classes = {
	};
	objectVersion = 77;
	objects = {

/* Begin PBXBuildFile section */
		8DCD8B242E923931001805C9 /* ComposableArchitecture in Frameworks */ = {isa = PBXBuildFile; productRef = 8DCD8B232E923931001805C9 /* ComposableArchitecture */; };
		8DF7AA512E929BDC00F2050B /* SwiftProtobuf in Frameworks */ = {isa = PBXBuildFile; productRef = 8DF7AA502E929BDC00F2050B /* SwiftProtobuf */; };
		8DF7AA532E929BF700F2050B /* SwiftProtobufPluginLibrary in Frameworks */ = {isa = PBXBuildFile; productRef = 8DF7AA522E929BF700F2050B /* SwiftProtobufPluginLibrary */; };
		8DF7AA5B2E92A1DB00F2050B /* Connect in Frameworks */ = {isa = PBXBuildFile; productRef = 8DF7AA5A2E92A1DB00F2050B /* Connect */; };
		8DF7AA5D2E92A1DB00F2050B /* ConnectMocks in Frameworks */ = {isa = PBXBuildFile; productRef = 8DF7AA5C2E92A1DB00F2050B /* ConnectMocks */; };
		8DF7AA5F2E92A1DB00F2050B /* ConnectNIO in Frameworks */ = {isa = PBXBuildFile; productRef = 8DF7AA5E2E92A1DB00F2050B /* ConnectNIO */; };
/* End PBXBuildFile section */

/* Begin PBXBuildRule section */
		8DF7AA582E929DAA00F2050B /* PBXBuildRule */ = {
			isa = PBXBuildRule;
			compilerSpec = com.apple.compilers.proxy.script;
			fileType = pattern.proxy;
			inputFiles = (
			);
			isEditable = 1;
			outputFiles = (
			);
			script = "# Type a script or drag a script file from your workspace to insert its path.\n";
		};
/* End PBXBuildRule section */

/* Begin PBXContainerItemProxy section */
		8DCD8B062E923665001805C9 /* PBXContainerItemProxy */ = {
			isa = PBXContainerItemProxy;
			containerPortal = 8DCD8AEF2E923664001805C9 /* Project object */;
			proxyType = 1;
			remoteGlobalIDString = 8DCD8AF62E923664001805C9;
			remoteInfo = test;
		};
		8DCD8B102E923665001805C9 /* PBXContainerItemProxy */ = {
			isa = PBXContainerItemProxy;
			containerPortal = 8DCD8AEF2E923664001805C9 /* Project object */;
			proxyType = 1;
			remoteGlobalIDString = 8DCD8AF62E923664001805C9;
			remoteInfo = test;
		};
/* End PBXContainerItemProxy section */

/* Begin PBXFileReference section */
		8DCD8AF72E923664001805C9 /* test.app */ = {isa = PBXFileReference; explicitFileType = wrapper.application; includeInIndex = 0; path = test.app; sourceTree = BUILT_PRODUCTS_DIR; };
		8DCD8B052E923665001805C9 /* testTests.xctest */ = {isa = PBXFileReference; explicitFileType = wrapper.cfbundle; includeInIndex = 0; path = testTests.xctest; sourceTree = BUILT_PRODUCTS_DIR; };
		8DCD8B0F2E923665001805C9 /* testUITests.xctest */ = {isa = PBXFileReference; explicitFileType = wrapper.cfbundle; includeInIndex = 0; path = testUITests.xctest; sourceTree = BUILT_PRODUCTS_DIR; };
/* End PBXFileReference section */

/* Begin PBXFileSystemSynchronizedBuildFileExceptionSet section */
		8DF7AA612E92A84900F2050B /* Exceptions for "test" folder in "test" target */ = {
			isa = PBXFileSystemSynchronizedBuildFileExceptionSet;
			membershipExceptions = (
				Info.plist,
			);
			target = 8DCD8AF62E923664001805C9 /* test */;
		};
/* End PBXFileSystemSynchronizedBuildFileExceptionSet section */

/* Begin PBXFileSystemSynchronizedRootGroup section */
		8DCD8AF92E923664001805C9 /* test */ = {
			isa = PBXFileSystemSynchronizedRootGroup;
			exceptions = (
				8DF7AA612E92A84900F2050B /* Exceptions for "test" folder in "test" target */,
			);
			path = test;
			sourceTree = "<group>";
		};
		8DCD8B082E923665001805C9 /* testTests */ = {
			isa = PBXFileSystemSynchronizedRootGroup;
			path = testTests;
			sourceTree = "<group>";
		};
		8DCD8B122E923665001805C9 /* testUITests */ = {
			isa = PBXFileSystemSynchronizedRootGroup;
			path = testUITests;
			sourceTree = "<group>";
		};
/* End PBXFileSystemSynchronizedRootGroup section */

/* Begin PBXFrameworksBuildPhase section */
		8DCD8AF42E923664001805C9 /* Frameworks */ = {
			isa = PBXFrameworksBuildPhase;
			buildActionMask = 2147483647;
			files = (
				8DF7AA532E929BF700F2050B /* SwiftProtobufPluginLibrary in Frameworks */,
				8DF7AA5F2E92A1DB00F2050B /* ConnectNIO in Frameworks */,
				8DF7AA5D2E92A1DB00F2050B /* ConnectMocks in Frameworks */,
				8DF7AA5B2E92A1DB00F2050B /* Connect in Frameworks */,
				8DF7AA512E929BDC00F2050B /* SwiftProtobuf in Frameworks */,
				8DCD8B242E923931001805C9 /* ComposableArchitecture in Frameworks */,
			);
			runOnlyForDeploymentPostprocessing = 0;
		};
		8DCD8B022E923665001805C9 /* Frameworks */ = {
			isa = PBXFrameworksBuildPhase;
			buildActionMask = 2147483647;
			files = (
			);
			runOnlyForDeploymentPostprocessing = 0;
		};
		8DCD8B0C2E923665001805C9 /* Frameworks */ = {
			isa = PBXFrameworksBuildPhase;
			buildActionMask = 2147483647;
			files = (
			);
			runOnlyForDeploymentPostprocessing = 0;
		};
/* End PBXFrameworksBuildPhase section */

/* Begin PBXGroup section */
		8DCD8AEE2E923664001805C9 = {
			isa = PBXGroup;
			children = (
				8DCD8AF92E923664001805C9 /* test */,
				8DCD8B082E923665001805C9 /* testTests */,
				8DCD8B122E923665001805C9 /* testUITests */,
				8DCD8B792E927274001805C9 /* Frameworks */,
				8DCD8AF82E923664001805C9 /* Products */,
			);
			sourceTree = "<group>";
		};
		8DCD8AF82E923664001805C9 /* Products */ = {
			isa = PBXGroup;
			children = (
				8DCD8AF72E923664001805C9 /* test.app */,
				8DCD8B052E923665001805C9 /* testTests.xctest */,
				8DCD8B0F2E923665001805C9 /* testUITests.xctest */,
			);
			name = Products;
			sourceTree = "<group>";
		};
		8DCD8B792E927274001805C9 /* Frameworks */ = {
			isa = PBXGroup;
			children = (
			);
			name = Frameworks;
			sourceTree = "<group>";
		};
/* End PBXGroup section */

/* Begin PBXNativeTarget section */
		8DCD8AF62E923664001805C9 /* test */ = {
			isa = PBXNativeTarget;
			buildConfigurationList = 8DCD8B192E923665001805C9 /* Build configuration list for PBXNativeTarget "test" */;
			buildPhases = (
				8DCD8AF32E923664001805C9 /* Sources */,
				8DCD8AF42E923664001805C9 /* Frameworks */,
				8DCD8AF52E923664001805C9 /* Resources */,
			);
			buildRules = (
				8DF7AA582E929DAA00F2050B /* PBXBuildRule */,
			);
			dependencies = (
			);
			fileSystemSynchronizedGroups = (
				8DCD8AF92E923664001805C9 /* test */,
			);
			name = test;
			packageProductDependencies = (
				8DCD8B232E923931001805C9 /* ComposableArchitecture */,
				8DF7AA502E929BDC00F2050B /* SwiftProtobuf */,
				8DF7AA522E929BF700F2050B /* SwiftProtobufPluginLibrary */,
				8DF7AA5A2E92A1DB00F2050B /* Connect */,
				8DF7AA5C2E92A1DB00F2050B /* ConnectMocks */,
				8DF7AA5E2E92A1DB00F2050B /* ConnectNIO */,
			);
			productName = test;
			productReference = 8DCD8AF72E923664001805C9 /* test.app */;
			productType = "com.apple.product-type.application";
		};
		8DCD8B042E923665001805C9 /* testTests */ = {
			isa = PBXNativeTarget;
			buildConfigurationList = 8DCD8B1C2E923665001805C9 /* Build configuration list for PBXNativeTarget "testTests" */;
			buildPhases = (
				8DCD8B012E923665001805C9 /* Sources */,
				8DCD8B022E923665001805C9 /* Frameworks */,
				8DCD8B032E923665001805C9 /* Resources */,
			);
			buildRules = (
			);
			dependencies = (
				8DCD8B072E923665001805C9 /* PBXTargetDependency */,
			);
			fileSystemSynchronizedGroups = (
				8DCD8B082E923665001805C9 /* testTests */,
			);
			name = testTests;
			packageProductDependencies = (
			);
			productName = testTests;
			productReference = 8DCD8B052E923665001805C9 /* testTests.xctest */;
			productType = "com.apple.product-type.bundle.unit-test";
		};
		8DCD8B0E2E923665001805C9 /* testUITests */ = {
			isa = PBXNativeTarget;
			buildConfigurationList = 8DCD8B1F2E923665001805C9 /* Build configuration list for PBXNativeTarget "testUITests" */;
			buildPhases = (
				8DCD8B0B2E923665001805C9 /* Sources */,
				8DCD8B0C2E923665001805C9 /* Frameworks */,
				8DCD8B0D2E923665001805C9 /* Resources */,
			);
			buildRules = (
			);
			dependencies = (
				8DCD8B112E923665001805C9 /* PBXTargetDependency */,
			);
			fileSystemSynchronizedGroups = (
				8DCD8B122E923665001805C9 /* testUITests */,
			);
			name = testUITests;
			packageProductDependencies = (
			);
			productName = testUITests;
			productReference = 8DCD8B0F2E923665001805C9 /* testUITests.xctest */;
			productType = "com.apple.product-type.bundle.ui-testing";
		};
/* End PBXNativeTarget section */

/* Begin PBXProject section */
		8DCD8AEF2E923664001805C9 /* Project object */ = {
			isa = PBXProject;
			attributes = {
				BuildIndependentTargetsInParallel = 1;
				LastSwiftUpdateCheck = 1640;
				LastUpgradeCheck = 1640;
				TargetAttributes = {
					8DCD8AF62E923664001805C9 = {
						CreatedOnToolsVersion = 16.4;
					};
					8DCD8B042E923665001805C9 = {
						CreatedOnToolsVersion = 16.4;
						TestTargetID = 8DCD8AF62E923664001805C9;
					};
					8DCD8B0E2E923665001805C9 = {
						CreatedOnToolsVersion = 16.4;
						TestTargetID = 8DCD8AF62E923664001805C9;
					};
				};
			};
			buildConfigurationList = 8DCD8AF22E923664001805C9 /* Build configuration list for PBXProject "test" */;
			developmentRegion = en;
			hasScannedForEncodings = 0;
			knownRegions = (
				en,
				Base,
			);
			mainGroup = 8DCD8AEE2E923664001805C9;
			minimizedProjectReferenceProxies = 1;
			packageReferences = (
				8DCD8B222E92390F001805C9 /* XCRemoteSwiftPackageReference "swift-composable-architecture" */,
				8DF7AA4F2E929BDC00F2050B /* XCRemoteSwiftPackageReference "swift-protobuf" */,
				8DF7AA592E92A1DB00F2050B /* XCRemoteSwiftPackageReference "connect-swift" */,
			);
			preferredProjectObjectVersion = 77;
			productRefGroup = 8DCD8AF82E923664001805C9 /* Products */;
			projectDirPath = "";
			projectRoot = "";
			targets = (
				8DCD8AF62E923664001805C9 /* test */,
				8DCD8B042E923665001805C9 /* testTests */,
				8DCD8B0E2E923665001805C9 /* testUITests */,
			);
		};
/* End PBXProject section */

/* Begin PBXResourcesBuildPhase section */
		8DCD8AF52E923664001805C9 /* Resources */ = {
			isa = PBXResourcesBuildPhase;
			buildActionMask = 2147483647;
			files = (
			);
			runOnlyForDeploymentPostprocessing = 0;
		};
		8DCD8B032E923665001805C9 /* Resources */ = {
			isa = PBXResourcesBuildPhase;
			buildActionMask = 2147483647;
			files = (
			);
			runOnlyForDeploymentPostprocessing = 0;
		};
		8DCD8B0D2E923665001805C9 /* Resources */ = {
			isa = PBXResourcesBuildPhase;
			buildActionMask = 2147483647;
			files = (
			);
			runOnlyForDeploymentPostprocessing = 0;
		};
/* End PBXResourcesBuildPhase section */

/* Begin PBXSourcesBuildPhase section */
		8DCD8AF32E923664001805C9 /* Sources */ = {
			isa = PBXSourcesBuildPhase;
			buildActionMask = 2147483647;
			files = (
			);
			runOnlyForDeploymentPostprocessing = 0;
		};
		8DCD8B012E923665001805C9 /* Sources */ = {
			isa = PBXSourcesBuildPhase;
			buildActionMask = 2147483647;
			files = (
			);
			runOnlyForDeploymentPostprocessing = 0;
		};
		8DCD8B0B2E923665001805C9 /* Sources */ = {
			isa = PBXSourcesBuildPhase;
			buildActionMask = 2147483647;
			files = (
			);
			runOnlyForDeploymentPostprocessing = 0;
		};
/* End PBXSourcesBuildPhase section */

/* Begin PBXTargetDependency section */
		8DCD8B072E923665001805C9 /* PBXTargetDependency */ = {
			isa = PBXTargetDependency;
			target = 8DCD8AF62E923664001805C9 /* test */;
			targetProxy = 8DCD8B062E923665001805C9 /* PBXContainerItemProxy */;
		};
		8DCD8B112E923665001805C9 /* PBXTargetDependency */ = {
			isa = PBXTargetDependency;
			target = 8DCD8AF62E923664001805C9 /* test */;
			targetProxy = 8DCD8B102E923665001805C9 /* PBXContainerItemProxy */;
		};
/* End PBXTargetDependency section */

/* Begin XCBuildConfiguration section */
		8DCD8B172E923665001805C9 /* Debug */ = {
			isa = XCBuildConfiguration;
			buildSettings = {
				ALWAYS_SEARCH_USER_PATHS = NO;
				ASSETCATALOG_COMPILER_GENERATE_SWIFT_ASSET_SYMBOL_EXTENSIONS = YES;
				CLANG_ANALYZER_NONNULL = YES;
				CLANG_ANALYZER_NUMBER_OBJECT_CONVERSION = YES_AGGRESSIVE;
				CLANG_CXX_LANGUAGE_STANDARD = "gnu++20";
				CLANG_ENABLE_MODULES = YES;
				CLANG_ENABLE_OBJC_ARC = YES;
				CLANG_ENABLE_OBJC_WEAK = YES;
				CLANG_WARN_BLOCK_CAPTURE_AUTORELEASING = YES;
				CLANG_WARN_BOOL_CONVERSION = YES;
				CLANG_WARN_COMMA = YES;
				CLANG_WARN_CONSTANT_CONVERSION = YES;
				CLANG_WARN_DEPRECATED_OBJC_IMPLEMENTATIONS = YES;
				CLANG_WARN_DIRECT_OBJC_ISA_USAGE = YES_ERROR;
				CLANG_WARN_DOCUMENTATION_COMMENTS = YES;
				CLANG_WARN_EMPTY_BODY = YES;
				CLANG_WARN_ENUM_CONVERSION = YES;
				CLANG_WARN_INFINITE_RECURSION = YES;
				CLANG_WARN_INT_CONVERSION = YES;
				CLANG_WARN_NON_LITERAL_NULL_CONVERSION = YES;
				CLANG_WARN_OBJC_IMPLICIT_RETAIN_SELF = YES;
				CLANG_WARN_OBJC_LITERAL_CONVERSION = YES;
				CLANG_WARN_OBJC_ROOT_CLASS = YES_ERROR;
				CLANG_WARN_QUOTED_INCLUDE_IN_FRAMEWORK_HEADER = YES;
				CLANG_WARN_RANGE_LOOP_ANALYSIS = YES;
				CLANG_WARN_STRICT_PROTOTYPES = YES;
				CLANG_WARN_SUSPICIOUS_MOVE = YES;
				CLANG_WARN_UNGUARDED_AVAILABILITY = YES_AGGRESSIVE;
				CLANG_WARN_UNREACHABLE_CODE = YES;
				CLANG_WARN__DUPLICATE_METHOD_MATCH = YES;
				COPY_PHASE_STRIP = NO;
				DEBUG_INFORMATION_FORMAT = dwarf;
				ENABLE_STRICT_OBJC_MSGSEND = YES;
				ENABLE_TESTABILITY = YES;
				ENABLE_USER_SCRIPT_SANDBOXING = YES;
				GCC_C_LANGUAGE_STANDARD = gnu17;
				GCC_DYNAMIC_NO_PIC = NO;
				GCC_NO_COMMON_BLOCKS = YES;
				GCC_OPTIMIZATION_LEVEL = 0;
				GCC_PREPROCESSOR_DEFINITIONS = (
					"DEBUG=1",
					"$(inherited)",
				);
				GCC_WARN_64_TO_32_BIT_CONVERSION = YES;
				GCC_WARN_ABOUT_RETURN_TYPE = YES_ERROR;
				GCC_WARN_UNDECLARED_SELECTOR = YES;
				GCC_WARN_UNINITIALIZED_AUTOS = YES_AGGRESSIVE;
				GCC_WARN_UNUSED_FUNCTION = YES;
				GCC_WARN_UNUSED_VARIABLE = YES;
				LOCALIZATION_PREFERS_STRING_CATALOGS = YES;
				MTL_ENABLE_DEBUG_INFO = INCLUDE_SOURCE;
				MTL_FAST_MATH = YES;
				ONLY_ACTIVE_ARCH = YES;
				SWIFT_ACTIVE_COMPILATION_CONDITIONS = "DEBUG $(inherited)";
				SWIFT_OPTIMIZATION_LEVEL = "-Onone";
			};
			name = Debug;
		};
		8DCD8B182E923665001805C9 /* Release */ = {
			isa = XCBuildConfiguration;
			buildSettings = {
				ALWAYS_SEARCH_USER_PATHS = NO;
				ASSETCATALOG_COMPILER_GENERATE_SWIFT_ASSET_SYMBOL_EXTENSIONS = YES;
				CLANG_ANALYZER_NONNULL = YES;
				CLANG_ANALYZER_NUMBER_OBJECT_CONVERSION = YES_AGGRESSIVE;
				CLANG_CXX_LANGUAGE_STANDARD = "gnu++20";
				CLANG_ENABLE_MODULES = YES;
				CLANG_ENABLE_OBJC_ARC = YES;
				CLANG_ENABLE_OBJC_WEAK = YES;
				CLANG_WARN_BLOCK_CAPTURE_AUTORELEASING = YES;
				CLANG_WARN_BOOL_CONVERSION = YES;
				CLANG_WARN_COMMA = YES;
				CLANG_WARN_CONSTANT_CONVERSION = YES;
				CLANG_WARN_DEPRECATED_OBJC_IMPLEMENTATIONS = YES;
				CLANG_WARN_DIRECT_OBJC_ISA_USAGE = YES_ERROR;
				CLANG_WARN_DOCUMENTATION_COMMENTS = YES;
				CLANG_WARN_EMPTY_BODY = YES;
				CLANG_WARN_ENUM_CONVERSION = YES;
				CLANG_WARN_INFINITE_RECURSION = YES;
				CLANG_WARN_INT_CONVERSION = YES;
				CLANG_WARN_NON_LITERAL_NULL_CONVERSION = YES;
				CLANG_WARN_OBJC_IMPLICIT_RETAIN_SELF = YES;
				CLANG_WARN_OBJC_LITERAL_CONVERSION = YES;
				CLANG_WARN_OBJC_ROOT_CLASS = YES_ERROR;
				CLANG_WARN_QUOTED_INCLUDE_IN_FRAMEWORK_HEADER = YES;
				CLANG_WARN_RANGE_LOOP_ANALYSIS = YES;
				CLANG_WARN_STRICT_PROTOTYPES = YES;
				CLANG_WARN_SUSPICIOUS_MOVE = YES;
				CLANG_WARN_UNGUARDED_AVAILABILITY = YES_AGGRESSIVE;
				CLANG_WARN_UNREACHABLE_CODE = YES;
				CLANG_WARN__DUPLICATE_METHOD_MATCH = YES;
				COPY_PHASE_STRIP = NO;
				DEBUG_INFORMATION_FORMAT = "dwarf-with-dsym";
				ENABLE_NS_ASSERTIONS = NO;
				ENABLE_STRICT_OBJC_MSGSEND = YES;
				ENABLE_USER_SCRIPT_SANDBOXING = YES;
				GCC_C_LANGUAGE_STANDARD = gnu17;
				GCC_NO_COMMON_BLOCKS = YES;
				GCC_WARN_64_TO_32_BIT_CONVERSION = YES;
				GCC_WARN_ABOUT_RETURN_TYPE = YES_ERROR;
				GCC_WARN_UNDECLARED_SELECTOR = YES;
				GCC_WARN_UNINITIALIZED_AUTOS = YES_AGGRESSIVE;
				GCC_WARN_UNUSED_FUNCTION = YES;
				GCC_WARN_UNUSED_VARIABLE = YES;
				LOCALIZATION_PREFERS_STRING_CATALOGS = YES;
				MTL_ENABLE_DEBUG_INFO = NO;
				MTL_FAST_MATH = YES;
				SWIFT_COMPILATION_MODE = wholemodule;
			};
			name = Release;
		};
		8DCD8B1A2E923665001805C9 /* Debug */ = {
			isa = XCBuildConfiguration;
			buildSettings = {
				ASSETCATALOG_COMPILER_APPICON_NAME = AppIcon;
				ASSETCATALOG_COMPILER_GLOBAL_ACCENT_COLOR_NAME = AccentColor;
				CODE_SIGN_ENTITLEMENTS = test/test.entitlements;
				CODE_SIGN_STYLE = Automatic;
				CURRENT_PROJECT_VERSION = 1;
				ENABLE_PREVIEWS = YES;
				GENERATE_INFOPLIST_FILE = YES;
				INFOPLIST_FILE = test/Info.plist;
				INFOPLIST_KEY_NSLocalNetworkUsageDescription = "ローカルネットワーク上のサーバーに接続してデータを取得します。";
				"INFOPLIST_KEY_UIApplicationSceneManifest_Generation[sdk=iphoneos*]" = YES;
				"INFOPLIST_KEY_UIApplicationSceneManifest_Generation[sdk=iphonesimulator*]" = YES;
				"INFOPLIST_KEY_UIApplicationSupportsIndirectInputEvents[sdk=iphoneos*]" = YES;
				"INFOPLIST_KEY_UIApplicationSupportsIndirectInputEvents[sdk=iphonesimulator*]" = YES;
				"INFOPLIST_KEY_UILaunchScreen_Generation[sdk=iphoneos*]" = YES;
				"INFOPLIST_KEY_UILaunchScreen_Generation[sdk=iphonesimulator*]" = YES;
				"INFOPLIST_KEY_UIStatusBarStyle[sdk=iphoneos*]" = UIStatusBarStyleDefault;
				"INFOPLIST_KEY_UIStatusBarStyle[sdk=iphonesimulator*]" = UIStatusBarStyleDefault;
				INFOPLIST_KEY_UISupportedInterfaceOrientations_iPad = "UIInterfaceOrientationPortrait UIInterfaceOrientationPortraitUpsideDown UIInterfaceOrientationLandscapeLeft UIInterfaceOrientationLandscapeRight";
				INFOPLIST_KEY_UISupportedInterfaceOrientations_iPhone = "UIInterfaceOrientationPortrait UIInterfaceOrientationLandscapeLeft UIInterfaceOrientationLandscapeRight";
				IPHONEOS_DEPLOYMENT_TARGET = 18.5;
				LD_RUNPATH_SEARCH_PATHS = "@executable_path/Frameworks";
				"LD_RUNPATH_SEARCH_PATHS[sdk=macosx*]" = "@executable_path/../Frameworks";
				MACOSX_DEPLOYMENT_TARGET = 15.5;
				MARKETING_VERSION = 1.0;
				PRODUCT_BUNDLE_IDENTIFIER = miwa.test;
				PRODUCT_NAME = "$(TARGET_NAME)";
				REGISTER_APP_GROUPS = YES;
				SDKROOT = auto;
				SUPPORTED_PLATFORMS = "iphoneos iphonesimulator macosx xros xrsimulator";
				SWIFT_EMIT_LOC_STRINGS = YES;
				SWIFT_VERSION = 5.0;
				TARGETED_DEVICE_FAMILY = "1,2,7";
				XROS_DEPLOYMENT_TARGET = 2.5;
			};
			name = Debug;
		};
		8DCD8B1B2E923665001805C9 /* Release */ = {
			isa = XCBuildConfiguration;
			buildSettings = {
				ASSETCATALOG_COMPILER_APPICON_NAME = AppIcon;
				ASSETCATALOG_COMPILER_GLOBAL_ACCENT_COLOR_NAME = AccentColor;
				CODE_SIGN_ENTITLEMENTS = test/test.entitlements;
				CODE_SIGN_STYLE = Automatic;
				CURRENT_PROJECT_VERSION = 1;
				ENABLE_PREVIEWS = YES;
				GENERATE_INFOPLIST_FILE = YES;
				INFOPLIST_FILE = test/Info.plist;
				INFOPLIST_KEY_NSLocalNetworkUsageDescription = "ローカルネットワーク上のサーバーに接続してデータを取得します。";
				"INFOPLIST_KEY_UIApplicationSceneManifest_Generation[sdk=iphoneos*]" = YES;
				"INFOPLIST_KEY_UIApplicationSceneManifest_Generation[sdk=iphonesimulator*]" = YES;
				"INFOPLIST_KEY_UIApplicationSupportsIndirectInputEvents[sdk=iphoneos*]" = YES;
				"INFOPLIST_KEY_UIApplicationSupportsIndirectInputEvents[sdk=iphonesimulator*]" = YES;
				"INFOPLIST_KEY_UILaunchScreen_Generation[sdk=iphoneos*]" = YES;
				"INFOPLIST_KEY_UILaunchScreen_Generation[sdk=iphonesimulator*]" = YES;
				"INFOPLIST_KEY_UIStatusBarStyle[sdk=iphoneos*]" = UIStatusBarStyleDefault;
				"INFOPLIST_KEY_UIStatusBarStyle[sdk=iphonesimulator*]" = UIStatusBarStyleDefault;
				INFOPLIST_KEY_UISupportedInterfaceOrientations_iPad = "UIInterfaceOrientationPortrait UIInterfaceOrientationPortraitUpsideDown UIInterfaceOrientationLandscapeLeft UIInterfaceOrientationLandscapeRight";
				INFOPLIST_KEY_UISupportedInterfaceOrientations_iPhone = "UIInterfaceOrientationPortrait UIInterfaceOrientationLandscapeLeft UIInterfaceOrientationLandscapeRight";
				IPHONEOS_DEPLOYMENT_TARGET = 18.5;
				LD_RUNPATH_SEARCH_PATHS = "@executable_path/Frameworks";
				"LD_RUNPATH_SEARCH_PATHS[sdk=macosx*]" = "@executable_path/../Frameworks";
				MACOSX_DEPLOYMENT_TARGET = 15.5;
				MARKETING_VERSION = 1.0;
				PRODUCT_BUNDLE_IDENTIFIER = miwa.test;
				PRODUCT_NAME = "$(TARGET_NAME)";
				REGISTER_APP_GROUPS = YES;
				SDKROOT = auto;
				SUPPORTED_PLATFORMS = "iphoneos iphonesimulator macosx xros xrsimulator";
				SWIFT_EMIT_LOC_STRINGS = YES;
				SWIFT_VERSION = 5.0;
				TARGETED_DEVICE_FAMILY = "1,2,7";
				XROS_DEPLOYMENT_TARGET = 2.5;
			};
			name = Release;
		};
		8DCD8B1D2E923665001805C9 /* Debug */ = {
			isa = XCBuildConfiguration;
			buildSettings = {
				BUNDLE_LOADER = "$(TEST_HOST)";
				CODE_SIGN_STYLE = Automatic;
				CURRENT_PROJECT_VERSION = 1;
				GENERATE_INFOPLIST_FILE = YES;
				IPHONEOS_DEPLOYMENT_TARGET = 18.5;
				MACOSX_DEPLOYMENT_TARGET = 15.5;
				MARKETING_VERSION = 1.0;
				PRODUCT_BUNDLE_IDENTIFIER = miwa.testTests;
				PRODUCT_NAME = "$(TARGET_NAME)";
				SDKROOT = auto;
				SUPPORTED_PLATFORMS = "iphoneos iphonesimulator macosx xros xrsimulator";
				SWIFT_EMIT_LOC_STRINGS = NO;
				SWIFT_VERSION = 5.0;
				TARGETED_DEVICE_FAMILY = "1,2,7";
				TEST_HOST = "$(BUILT_PRODUCTS_DIR)/test.app/$(BUNDLE_EXECUTABLE_FOLDER_PATH)/test";
				XROS_DEPLOYMENT_TARGET = 2.5;
			};
			name = Debug;
		};
		8DCD8B1E2E923665001805C9 /* Release */ = {
			isa = XCBuildConfiguration;
			buildSettings = {
				BUNDLE_LOADER = "$(TEST_HOST)";
				CODE_SIGN_STYLE = Automatic;
				CURRENT_PROJECT_VERSION = 1;
				GENERATE_INFOPLIST_FILE = YES;
				IPHONEOS_DEPLOYMENT_TARGET = 18.5;
				MACOSX_DEPLOYMENT_TARGET = 15.5;
				MARKETING_VERSION = 1.0;
				PRODUCT_BUNDLE_IDENTIFIER = miwa.testTests;
				PRODUCT_NAME = "$(TARGET_NAME)";
				SDKROOT = auto;
				SUPPORTED_PLATFORMS = "iphoneos iphonesimulator macosx xros xrsimulator";
				SWIFT_EMIT_LOC_STRINGS = NO;
				SWIFT_VERSION = 5.0;
				TARGETED_DEVICE_FAMILY = "1,2,7";
				TEST_HOST = "$(BUILT_PRODUCTS_DIR)/test.app/$(BUNDLE_EXECUTABLE_FOLDER_PATH)/test";
				XROS_DEPLOYMENT_TARGET = 2.5;
			};
			name = Release;
		};
		8DCD8B202E923665001805C9 /* Debug */ = {
			isa = XCBuildConfiguration;
			buildSettings = {
				CODE_SIGN_STYLE = Automatic;
				CURRENT_PROJECT_VERSION = 1;
				GENERATE_INFOPLIST_FILE = YES;
				IPHONEOS_DEPLOYMENT_TARGET = 18.5;
				MACOSX_DEPLOYMENT_TARGET = 15.5;
				MARKETING_VERSION = 1.0;
				PRODUCT_BUNDLE_IDENTIFIER = miwa.testUITests;
				PRODUCT_NAME = "$(TARGET_NAME)";
				SDKROOT = auto;
				SUPPORTED_PLATFORMS = "iphoneos iphonesimulator macosx xros xrsimulator";
				SWIFT_EMIT_LOC_STRINGS = NO;
				SWIFT_VERSION = 5.0;
				TARGETED_DEVICE_FAMILY = "1,2,7";
				TEST_TARGET_NAME = test;
				XROS_DEPLOYMENT_TARGET = 2.5;
			};
			name = Debug;
		};
		8DCD8B212E923665001805C9 /* Release */ = {
			isa = XCBuildConfiguration;
			buildSettings = {
				CODE_SIGN_STYLE = Automatic;
				CURRENT_PROJECT_VERSION = 1;
				GENERATE_INFOPLIST_FILE = YES;
				IPHONEOS_DEPLOYMENT_TARGET = 18.5;
				MACOSX_DEPLOYMENT_TARGET = 15.5;
				MARKETING_VERSION = 1.0;
				PRODUCT_BUNDLE_IDENTIFIER = miwa.testUITests;
				PRODUCT_NAME = "$(TARGET_NAME)";
				SDKROOT = auto;
				SUPPORTED_PLATFORMS = "iphoneos iphonesimulator macosx xros xrsimulator";
				SWIFT_EMIT_LOC_STRINGS = NO;
				SWIFT_VERSION = 5.0;
				TARGETED_DEVICE_FAMILY = "1,2,7";
				TEST_TARGET_NAME = test;
				XROS_DEPLOYMENT_TARGET = 2.5;
			};
			name = Release;
		};
/* End XCBuildConfiguration section */

/* Begin XCConfigurationList section */
		8DCD8AF22E923664001805C9 /* Build configuration list for PBXProject "test" */ = {
			isa = XCConfigurationList;
			buildConfigurations = (
				8DCD8B172E923665001805C9 /* Debug */,
				8DCD8B182E923665001805C9 /* Release */,
			);
			defaultConfigurationIsVisible = 0;
			defaultConfigurationName = Release;
		};
		8DCD8B192E923665001805C9 /* Build configuration list for PBXNativeTarget "test" */ = {
			isa = XCConfigurationList;
			buildConfigurations = (
				8DCD8B1A2E923665001805C9 /* Debug */,
				8DCD8B1B2E923665001805C9 /* Release */,
			);
			defaultConfigurationIsVisible = 0;
			defaultConfigurationName = Release;
		};
		8DCD8B1C2E923665001805C9 /* Build configuration list for PBXNativeTarget "testTests" */ = {
			isa = XCConfigurationList;
			buildConfigurations = (
				8DCD8B1D2E923665001805C9 /* Debug */,
				8DCD8B1E2E923665001805C9 /* Release */,
			);
			defaultConfigurationIsVisible = 0;
			defaultConfigurationName = Release;
		};
		8DCD8B1F2E923665001805C9 /* Build configuration list for PBXNativeTarget "testUITests" */ = {
			isa = XCConfigurationList;
			buildConfigurations = (
				8DCD8B202E923665001805C9 /* Debug */,
				8DCD8B212E923665001805C9 /* Release */,
			);
			defaultConfigurationIsVisible = 0;
			defaultConfigurationName = Release;
		};
/* End XCConfigurationList section */

/* Begin XCRemoteSwiftPackageReference section */
		8DCD8B222E92390F001805C9 /* XCRemoteSwiftPackageReference "swift-composable-architecture" */ = {
			isa = XCRemoteSwiftPackageReference;
			repositoryURL = "https://github.com/pointfreeco/swift-composable-architecture";
			requirement = {
				kind = upToNextMajorVersion;
				minimumVersion = 1.22.3;
			};
		};
		8DF7AA4F2E929BDC00F2050B /* XCRemoteSwiftPackageReference "swift-protobuf" */ = {
			isa = XCRemoteSwiftPackageReference;
			repositoryURL = "https://github.com/apple/swift-protobuf";
			requirement = {
				kind = upToNextMajorVersion;
				minimumVersion = 1.26.0;
			};
		};
		8DF7AA592E92A1DB00F2050B /* XCRemoteSwiftPackageReference "connect-swift" */ = {
			isa = XCRemoteSwiftPackageReference;
			repositoryURL = "https://github.com/bufbuild/connect-swift.git";
			requirement = {
				kind = upToNextMajorVersion;
				minimumVersion = 1.1.0;
			};
		};
/* End XCRemoteSwiftPackageReference section */

/* Begin XCSwiftPackageProductDependency section */
		8DCD8B232E923931001805C9 /* ComposableArchitecture */ = {
			isa = XCSwiftPackageProductDependency;
			package = 8DCD8B222E92390F001805C9 /* XCRemoteSwiftPackageReference "swift-composable-architecture" */;
			productName = ComposableArchitecture;
		};
		8DF7AA502E929BDC00F2050B /* SwiftProtobuf */ = {
			isa = XCSwiftPackageProductDependency;
			package = 8DF7AA4F2E929BDC00F2050B /* XCRemoteSwiftPackageReference "swift-protobuf" */;
			productName = SwiftProtobuf;
		};
		8DF7AA522E929BF700F2050B /* SwiftProtobufPluginLibrary */ = {
			isa = XCSwiftPackageProductDependency;
			package = 8DF7AA4F2E929BDC00F2050B /* XCRemoteSwiftPackageReference "swift-protobuf" */;
			productName = SwiftProtobufPluginLibrary;
		};
		8DF7AA5A2E92A1DB00F2050B /* Connect */ = {
			isa = XCSwiftPackageProductDependency;
			package = 8DF7AA592E92A1DB00F2050B /* XCRemoteSwiftPackageReference "connect-swift" */;
			productName = Connect;
		};
		8DF7AA5C2E92A1DB00F2050B /* ConnectMocks */ = {
			isa = XCSwiftPackageProductDependency;
			package = 8DF7AA592E92A1DB00F2050B /* XCRemoteSwiftPackageReference "connect-swift" */;
			productName = ConnectMocks;
		};
		8DF7AA5E2E92A1DB00F2050B /* ConnectNIO */ = {
			isa = XCSwiftPackageProductDependency;
			package = 8DF7AA592E92A1DB00F2050B /* XCRemoteSwiftPackageReference "connect-swift" */;
			productName = ConnectNIO;
		};
/* End XCSwiftPackageProductDependency section */
	};
	rootObject = 8DCD8AEF2E923664001805C9 /* Project object */;
}
